// !$*UTF8*$!
{
	archiveVersion = 1;
	classes = {
	};
	objectVersion = 77;
	objects = {

/* Begin PBXContainerItemProxy section */
		9B3C24CF2DB49C4A008B6B6B /* PBXContainerItemProxy */ = {
			isa = PBXContainerItemProxy;
			containerPortal = 9B3C24B92DB49C49008B6B6B /* Project object */;
			proxyType = 1;
			remoteGlobalIDString = 9B3C24C02DB49C49008B6B6B;
			remoteInfo = GraphWare;
		};
		9B3C24D92DB49C4A008B6B6B /* PBXContainerItemProxy */ = {
			isa = PBXContainerItemProxy;
			containerPortal = 9B3C24B92DB49C49008B6B6B /* Project object */;
			proxyType = 1;
			remoteGlobalIDString = 9B3C24C02DB49C49008B6B6B;
			remoteInfo = GraphWare;
		};
/* End PBXContainerItemProxy section */

/* Begin PBXFileReference section */
		9B3C24C12DB49C49008B6B6B /* GraphWare.app */ = {isa = PBXFileReference; explicitFileType = wrapper.application; includeInIndex = 0; path = GraphWare.app; sourceTree = BUILT_PRODUCTS_DIR; };
		9B3C24CE2DB49C4A008B6B6B /* GraphWareTests.xctest */ = {isa = PBXFileReference; explicitFileType = wrapper.cfbundle; includeInIndex = 0; path = GraphWareTests.xctest; sourceTree = BUILT_PRODUCTS_DIR; };
		9B3C24D82DB49C4A008B6B6B /* GraphWareUITests.xctest */ = {isa = PBXFileReference; explicitFileType = wrapper.cfbundle; includeInIndex = 0; path = GraphWareUITests.xctest; sourceTree = BUILT_PRODUCTS_DIR; };
/* End PBXFileReference section */

/* Begin PBXFileSystemSynchronizedRootGroup section */
		9B3C24C32DB49C49008B6B6B /* GraphWare */ = {
			isa = PBXFileSystemSynchronizedRootGroup;
			path = GraphWare;
			sourceTree = "<group>";
		};
		9B3C24D12DB49C4A008B6B6B /* GraphWareTests */ = {
			isa = PBXFileSystemSynchronizedRootGroup;
			path = GraphWareTests;
			sourceTree = "<group>";
		};
		9B3C24DB2DB49C4A008B6B6B /* GraphWareUITests */ = {
			isa = PBXFileSystemSynchronizedRootGroup;
			path = GraphWareUITests;
			sourceTree = "<group>";
		};
/* End PBXFileSystemSynchronizedRootGroup section */

/* Begin PBXFrameworksBuildPhase section */
		9B3C24BE2DB49C49008B6B6B /* Frameworks */ = {
			isa = PBXFrameworksBuildPhase;
			buildActionMask = 2147483647;
			files = (
			);
			runOnlyForDeploymentPostprocessing = 0;
		};
		9B3C24CB2DB49C4A008B6B6B /* Frameworks */ = {
			isa = PBXFrameworksBuildPhase;
			buildActionMask = 2147483647;
			files = (
			);
			runOnlyForDeploymentPostprocessing = 0;
		};
		9B3C24D52DB49C4A008B6B6B /* Frameworks */ = {
			isa = PBXFrameworksBuildPhase;
			buildActionMask = 2147483647;
			files = (
			);
			runOnlyForDeploymentPostprocessing = 0;
		};
/* End PBXFrameworksBuildPhase section */

/* Begin PBXGroup section */
		9B3C24B82DB49C49008B6B6B = {
			isa = PBXGroup;
			children = (
				9B3C24C32DB49C49008B6B6B /* GraphWare */,
				9B3C24D12DB49C4A008B6B6B /* GraphWareTests */,
				9B3C24DB2DB49C4A008B6B6B /* GraphWareUITests */,
				9B3C24C22DB49C49008B6B6B /* Products */,
			);
			sourceTree = "<group>";
		};
		9B3C24C22DB49C49008B6B6B /* Products */ = {
			isa = PBXGroup;
			children = (
				9B3C24C12DB49C49008B6B6B /* GraphWare.app */,
				9B3C24CE2DB49C4A008B6B6B /* GraphWareTests.xctest */,
				9B3C24D82DB49C4A008B6B6B /* GraphWareUITests.xctest */,
			);
			name = Products;
			sourceTree = "<group>";
		};
/* End PBXGroup section */

/* Begin PBXNativeTarget section */
		9B3C24C02DB49C49008B6B6B /* GraphWare */ = {
			isa = PBXNativeTarget;
			buildConfigurationList = 9B3C24E22DB49C4A008B6B6B /* Build configuration list for PBXNativeTarget "GraphWare" */;
			buildPhases = (
				9B3C24BD2DB49C49008B6B6B /* Sources */,
				9B3C24BE2DB49C49008B6B6B /* Frameworks */,
				9B3C24BF2DB49C49008B6B6B /* Resources */,
			);
			buildRules = (
			);
			dependencies = (
			);
			fileSystemSynchronizedGroups = (
				9B3C24C32DB49C49008B6B6B /* GraphWare */,
			);
			name = GraphWare;
			packageProductDependencies = (
			);
			productName = GraphWare;
			productReference = 9B3C24C12DB49C49008B6B6B /* GraphWare.app */;
			productType = "com.apple.product-type.application";
		};
		9B3C24CD2DB49C4A008B6B6B /* GraphWareTests */ = {
			isa = PBXNativeTarget;
			buildConfigurationList = 9B3C24E52DB49C4A008B6B6B /* Build configuration list for PBXNativeTarget "GraphWareTests" */;
			buildPhases = (
				9B3C24CA2DB49C4A008B6B6B /* Sources */,
				9B3C24CB2DB49C4A008B6B6B /* Frameworks */,
				9B3C24CC2DB49C4A008B6B6B /* Resources */,
			);
			buildRules = (
			);
			dependencies = (
				9B3C24D02DB49C4A008B6B6B /* PBXTargetDependency */,
			);
			fileSystemSynchronizedGroups = (
				9B3C24D12DB49C4A008B6B6B /* GraphWareTests */,
			);
			name = GraphWareTests;
			packageProductDependencies = (
			);
			productName = GraphWareTests;
			productReference = 9B3C24CE2DB49C4A008B6B6B /* GraphWareTests.xctest */;
			productType = "com.apple.product-type.bundle.unit-test";
		};
		9B3C24D72DB49C4A008B6B6B /* GraphWareUITests */ = {
			isa = PBXNativeTarget;
			buildConfigurationList = 9B3C24E82DB49C4A008B6B6B /* Build configuration list for PBXNativeTarget "GraphWareUITests" */;
			buildPhases = (
				9B3C24D42DB49C4A008B6B6B /* Sources */,
				9B3C24D52DB49C4A008B6B6B /* Frameworks */,
				9B3C24D62DB49C4A008B6B6B /* Resources */,
			);
			buildRules = (
			);
			dependencies = (
				9B3C24DA2DB49C4A008B6B6B /* PBXTargetDependency */,
			);
			fileSystemSynchronizedGroups = (
				9B3C24DB2DB49C4A008B6B6B /* GraphWareUITests */,
			);
			name = GraphWareUITests;
			packageProductDependencies = (
			);
			productName = GraphWareUITests;
			productReference = 9B3C24D82DB49C4A008B6B6B /* GraphWareUITests.xctest */;
			productType = "com.apple.product-type.bundle.ui-testing";
		};
/* End PBXNativeTarget section */

/* Begin PBXProject section */
		9B3C24B92DB49C49008B6B6B /* Project object */ = {
			isa = PBXProject;
			attributes = {
				BuildIndependentTargetsInParallel = 1;
				LastSwiftUpdateCheck = 1630;
				LastUpgradeCheck = 1630;
				TargetAttributes = {
					9B3C24C02DB49C49008B6B6B = {
						CreatedOnToolsVersion = 16.3;
					};
					9B3C24CD2DB49C4A008B6B6B = {
						CreatedOnToolsVersion = 16.3;
						TestTargetID = 9B3C24C02DB49C49008B6B6B;
					};
					9B3C24D72DB49C4A008B6B6B = {
						CreatedOnToolsVersion = 16.3;
						TestTargetID = 9B3C24C02DB49C49008B6B6B;
					};
				};
			};
			buildConfigurationList = 9B3C24BC2DB49C49008B6B6B /* Build configuration list for PBXProject "GraphWare" */;
			developmentRegion = en;
			hasScannedForEncodings = 0;
			knownRegions = (
				en,
				Base,
			);
			mainGroup = 9B3C24B82DB49C49008B6B6B;
			minimizedProjectReferenceProxies = 1;
			preferredProjectObjectVersion = 77;
			productRefGroup = 9B3C24C22DB49C49008B6B6B /* Products */;
			projectDirPath = "";
			projectRoot = "";
			targets = (
				9B3C24C02DB49C49008B6B6B /* GraphWare */,
				9B3C24CD2DB49C4A008B6B6B /* GraphWareTests */,
				9B3C24D72DB49C4A008B6B6B /* GraphWareUITests */,
			);
		};
/* End PBXProject section */

/* Begin PBXResourcesBuildPhase section */
		9B3C24BF2DB49C49008B6B6B /* Resources */ = {
			isa = PBXResourcesBuildPhase;
			buildActionMask = 2147483647;
			files = (
			);
			runOnlyForDeploymentPostprocessing = 0;
		};
		9B3C24CC2DB49C4A008B6B6B /* Resources */ = {
			isa = PBXResourcesBuildPhase;
			buildActionMask = 2147483647;
			files = (
			);
			runOnlyForDeploymentPostprocessing = 0;
		};
		9B3C24D62DB49C4A008B6B6B /* Resources */ = {
			isa = PBXResourcesBuildPhase;
			buildActionMask = 2147483647;
			files = (
			);
			runOnlyForDeploymentPostprocessing = 0;
		};
/* End PBXResourcesBuildPhase section */

/* Begin PBXSourcesBuildPhase section */
		9B3C24BD2DB49C49008B6B6B /* Sources */ = {
			isa = PBXSourcesBuildPhase;
			buildActionMask = 2147483647;
			files = (
			);
			runOnlyForDeploymentPostprocessing = 0;
		};
		9B3C24CA2DB49C4A008B6B6B /* Sources */ = {
			isa = PBXSourcesBuildPhase;
			buildActionMask = 2147483647;
			files = (
			);
			runOnlyForDeploymentPostprocessing = 0;
		};
		9B3C24D42DB49C4A008B6B6B /* Sources */ = {
			isa = PBXSourcesBuildPhase;
			buildActionMask = 2147483647;
			files = (
			);
			runOnlyForDeploymentPostprocessing = 0;
		};
/* End PBXSourcesBuildPhase section */

/* Begin PBXTargetDependency section */
		9B3C24D02DB49C4A008B6B6B /* PBXTargetDependency */ = {
			isa = PBXTargetDependency;
			target = 9B3C24C02DB49C49008B6B6B /* GraphWare */;
			targetProxy = 9B3C24CF2DB49C4A008B6B6B /* PBXContainerItemProxy */;
		};
		9B3C24DA2DB49C4A008B6B6B /* PBXTargetDependency */ = {
			isa = PBXTargetDependency;
			target = 9B3C24C02DB49C49008B6B6B /* GraphWare */;
			targetProxy = 9B3C24D92DB49C4A008B6B6B /* PBXContainerItemProxy */;
		};
/* End PBXTargetDependency section */

/* Begin XCBuildConfiguration section */
		9B3C24E02DB49C4A008B6B6B /* Debug */ = {
			isa = XCBuildConfiguration;
			buildSettings = {
				ALWAYS_SEARCH_USER_PATHS = NO;
				ASSETCATALOG_COMPILER_GENERATE_SWIFT_ASSET_SYMBOL_EXTENSIONS = YES;
				CLANG_ANALYZER_NONNULL = YES;
				CLANG_ANALYZER_NUMBER_OBJECT_CONVERSION = YES_AGGRESSIVE;
				CLANG_CXX_LANGUAGE_STANDARD = "gnu++20";
				CLANG_ENABLE_MODULES = YES;
				CLANG_ENABLE_OBJC_ARC = YES;
				CLANG_ENABLE_OBJC_WEAK = YES;
				CLANG_WARN_BLOCK_CAPTURE_AUTORELEASING = YES;
				CLANG_WARN_BOOL_CONVERSION = YES;
				CLANG_WARN_COMMA = YES;
				CLANG_WARN_CONSTANT_CONVERSION = YES;
				CLANG_WARN_DEPRECATED_OBJC_IMPLEMENTATIONS = YES;
				CLANG_WARN_DIRECT_OBJC_ISA_USAGE = YES_ERROR;
				CLANG_WARN_DOCUMENTATION_COMMENTS = YES;
				CLANG_WARN_EMPTY_BODY = YES;
				CLANG_WARN_ENUM_CONVERSION = YES;
				CLANG_WARN_INFINITE_RECURSION = YES;
				CLANG_WARN_INT_CONVERSION = YES;
				CLANG_WARN_NON_LITERAL_NULL_CONVERSION = YES;
				CLANG_WARN_OBJC_IMPLICIT_RETAIN_SELF = YES;
				CLANG_WARN_OBJC_LITERAL_CONVERSION = YES;
				CLANG_WARN_OBJC_ROOT_CLASS = YES_ERROR;
				CLANG_WARN_QUOTED_INCLUDE_IN_FRAMEWORK_HEADER = YES;
				CLANG_WARN_RANGE_LOOP_ANALYSIS = YES;
				CLANG_WARN_STRICT_PROTOTYPES = YES;
				CLANG_WARN_SUSPICIOUS_MOVE = YES;
				CLANG_WARN_UNGUARDED_AVAILABILITY = YES_AGGRESSIVE;
				CLANG_WARN_UNREACHABLE_CODE = YES;
				CLANG_WARN__DUPLICATE_METHOD_MATCH = YES;
				COPY_PHASE_STRIP = NO;
				DEBUG_INFORMATION_FORMAT = dwarf;
				ENABLE_STRICT_OBJC_MSGSEND = YES;
				ENABLE_TESTABILITY = YES;
				ENABLE_USER_SCRIPT_SANDBOXING = YES;
				GCC_C_LANGUAGE_STANDARD = gnu17;
				GCC_DYNAMIC_NO_PIC = NO;
				GCC_NO_COMMON_BLOCKS = YES;
				GCC_OPTIMIZATION_LEVEL = 0;
				GCC_PREPROCESSOR_DEFINITIONS = (
					"DEBUG=1",
					"$(inherited)",
				);
				GCC_WARN_64_TO_32_BIT_CONVERSION = YES;
				GCC_WARN_ABOUT_RETURN_TYPE = YES_ERROR;
				GCC_WARN_UNDECLARED_SELECTOR = YES;
				GCC_WARN_UNINITIALIZED_AUTOS = YES_AGGRESSIVE;
				GCC_WARN_UNUSED_FUNCTION = YES;
				GCC_WARN_UNUSED_VARIABLE = YES;
				IPHONEOS_DEPLOYMENT_TARGET = 18.4;
				LOCALIZATION_PREFERS_STRING_CATALOGS = YES;
				MTL_ENABLE_DEBUG_INFO = INCLUDE_SOURCE;
				MTL_FAST_MATH = YES;
				ONLY_ACTIVE_ARCH = YES;
				SDKROOT = iphoneos;
				SWIFT_ACTIVE_COMPILATION_CONDITIONS = "DEBUG $(inherited)";
				SWIFT_OPTIMIZATION_LEVEL = "-Onone";
			};
			name = Debug;
		};
		9B3C24E12DB49C4A008B6B6B /* Release */ = {
			isa = XCBuildConfiguration;
			buildSettings = {
				ALWAYS_SEARCH_USER_PATHS = NO;
				ASSETCATALOG_COMPILER_GENERATE_SWIFT_ASSET_SYMBOL_EXTENSIONS = YES;
				CLANG_ANALYZER_NONNULL = YES;
				CLANG_ANALYZER_NUMBER_OBJECT_CONVERSION = YES_AGGRESSIVE;
				CLANG_CXX_LANGUAGE_STANDARD = "gnu++20";
				CLANG_ENABLE_MODULES = YES;
				CLANG_ENABLE_OBJC_ARC = YES;
				CLANG_ENABLE_OBJC_WEAK = YES;
				CLANG_WARN_BLOCK_CAPTURE_AUTORELEASING = YES;
				CLANG_WARN_BOOL_CONVERSION = YES;
				CLANG_WARN_COMMA = YES;
				CLANG_WARN_CONSTANT_CONVERSION = YES;
				CLANG_WARN_DEPRECATED_OBJC_IMPLEMENTATIONS = YES;
				CLANG_WARN_DIRECT_OBJC_ISA_USAGE = YES_ERROR;
				CLANG_WARN_DOCUMENTATION_COMMENTS = YES;
				CLANG_WARN_EMPTY_BODY = YES;
				CLANG_WARN_ENUM_CONVERSION = YES;
				CLANG_WARN_INFINITE_RECURSION = YES;
				CLANG_WARN_INT_CONVERSION = YES;
				CLANG_WARN_NON_LITERAL_NULL_CONVERSION = YES;
				CLANG_WARN_OBJC_IMPLICIT_RETAIN_SELF = YES;
				CLANG_WARN_OBJC_LITERAL_CONVERSION = YES;
				CLANG_WARN_OBJC_ROOT_CLASS = YES_ERROR;
				CLANG_WARN_QUOTED_INCLUDE_IN_FRAMEWORK_HEADER = YES;
				CLANG_WARN_RANGE_LOOP_ANALYSIS = YES;
				CLANG_WARN_STRICT_PROTOTYPES = YES;
				CLANG_WARN_SUSPICIOUS_MOVE = YES;
				CLANG_WARN_UNGUARDED_AVAILABILITY = YES_AGGRESSIVE;
				CLANG_WARN_UNREACHABLE_CODE = YES;
				CLANG_WARN__DUPLICATE_METHOD_MATCH = YES;
				COPY_PHASE_STRIP = NO;
				DEBUG_INFORMATION_FORMAT = "dwarf-with-dsym";
				ENABLE_NS_ASSERTIONS = NO;
				ENABLE_STRICT_OBJC_MSGSEND = YES;
				ENABLE_USER_SCRIPT_SANDBOXING = YES;
				GCC_C_LANGUAGE_STANDARD = gnu17;
				GCC_NO_COMMON_BLOCKS = YES;
				GCC_WARN_64_TO_32_BIT_CONVERSION = YES;
				GCC_WARN_ABOUT_RETURN_TYPE = YES_ERROR;
				GCC_WARN_UNDECLARED_SELECTOR = YES;
				GCC_WARN_UNINITIALIZED_AUTOS = YES_AGGRESSIVE;
				GCC_WARN_UNUSED_FUNCTION = YES;
				GCC_WARN_UNUSED_VARIABLE = YES;
				IPHONEOS_DEPLOYMENT_TARGET = 18.4;
				LOCALIZATION_PREFERS_STRING_CATALOGS = YES;
				MTL_ENABLE_DEBUG_INFO = NO;
				MTL_FAST_MATH = YES;
				SDKROOT = iphoneos;
				SWIFT_COMPILATION_MODE = wholemodule;
				VALIDATE_PRODUCT = YES;
			};
			name = Release;
		};
		9B3C24E32DB49C4A008B6B6B /* Debug */ = {
			isa = XCBuildConfiguration;
			buildSettings = {
				ASSETCATALOG_COMPILER_APPICON_NAME = AppIcon;
				ASSETCATALOG_COMPILER_GLOBAL_ACCENT_COLOR_NAME = AccentColor;
				CODE_SIGN_STYLE = Automatic;
				CURRENT_PROJECT_VERSION = 1;
				ENABLE_PREVIEWS = YES;
				GENERATE_INFOPLIST_FILE = YES;
				INFOPLIST_KEY_UIApplicationSceneManifest_Generation = YES;
				INFOPLIST_KEY_UIApplicationSupportsIndirectInputEvents = YES;
				INFOPLIST_KEY_UILaunchScreen_Generation = YES;
				INFOPLIST_KEY_UISupportedInterfaceOrientations_iPad = "UIInterfaceOrientationPortrait UIInterfaceOrientationPortraitUpsideDown UIInterfaceOrientationLandscapeLeft UIInterfaceOrientationLandscapeRight";
				INFOPLIST_KEY_UISupportedInterfaceOrientations_iPhone = "UIInterfaceOrientationPortrait UIInterfaceOrientationLandscapeLeft UIInterfaceOrientationLandscapeRight";
				LD_RUNPATH_SEARCH_PATHS = (
					"$(inherited)",
					"@executable_path/Frameworks",
				);
				MARKETING_VERSION = 1.0;
				PRODUCT_BUNDLE_IDENTIFIER = com.graphware.GraphWare;
				PRODUCT_NAME = "$(TARGET_NAME)";
				SWIFT_EMIT_LOC_STRINGS = YES;
				SWIFT_VERSION = 5.0;
				TARGETED_DEVICE_FAMILY = "1,2";
			};
			name = Debug;
		};
		9B3C24E42DB49C4A008B6B6B /* Release */ = {
			isa = XCBuildConfiguration;
			buildSettings = {
				ASSETCATALOG_COMPILER_APPICON_NAME = AppIcon;
				ASSETCATALOG_COMPILER_GLOBAL_ACCENT_COLOR_NAME = AccentColor;
				CODE_SIGN_STYLE = Automatic;
				CURRENT_PROJECT_VERSION = 1;
				ENABLE_PREVIEWS = YES;
				GENERATE_INFOPLIST_FILE = YES;
				INFOPLIST_KEY_UIApplicationSceneManifest_Generation = YES;
				INFOPLIST_KEY_UIApplicationSupportsIndirectInputEvents = YES;
				INFOPLIST_KEY_UILaunchScreen_Generation = YES;
				INFOPLIST_KEY_UISupportedInterfaceOrientations_iPad = "UIInterfaceOrientationPortrait UIInterfaceOrientationPortraitUpsideDown UIInterfaceOrientationLandscapeLeft UIInterfaceOrientationLandscapeRight";
				INFOPLIST_KEY_UISupportedInterfaceOrientations_iPhone = "UIInterfaceOrientationPortrait UIInterfaceOrientationLandscapeLeft UIInterfaceOrientationLandscapeRight";
				LD_RUNPATH_SEARCH_PATHS = (
					"$(inherited)",
					"@executable_path/Frameworks",
				);
				MARKETING_VERSION = 1.0;
				PRODUCT_BUNDLE_IDENTIFIER = com.graphware.GraphWare;
				PRODUCT_NAME = "$(TARGET_NAME)";
				SWIFT_EMIT_LOC_STRINGS = YES;
				SWIFT_VERSION = 5.0;
				TARGETED_DEVICE_FAMILY = "1,2";
			};
			name = Release;
		};
		9B3C24E62DB49C4A008B6B6B /* Debug */ = {
			isa = XCBuildConfiguration;
			buildSettings = {
				BUNDLE_LOADER = "$(TEST_HOST)";
				CODE_SIGN_STYLE = Automatic;
				CURRENT_PROJECT_VERSION = 1;
				GENERATE_INFOPLIST_FILE = YES;
				IPHONEOS_DEPLOYMENT_TARGET = 18.4;
				MARKETING_VERSION = 1.0;
				PRODUCT_BUNDLE_IDENTIFIER = com.graphware.GraphWareTests;
				PRODUCT_NAME = "$(TARGET_NAME)";
				SWIFT_EMIT_LOC_STRINGS = NO;
				SWIFT_VERSION = 5.0;
				TARGETED_DEVICE_FAMILY = "1,2";
				TEST_HOST = "$(BUILT_PRODUCTS_DIR)/GraphWare.app/$(BUNDLE_EXECUTABLE_FOLDER_PATH)/GraphWare";
			};
			name = Debug;
		};
		9B3C24E72DB49C4A008B6B6B /* Release */ = {
			isa = XCBuildConfiguration;
			buildSettings = {
				BUNDLE_LOADER = "$(TEST_HOST)";
				CODE_SIGN_STYLE = Automatic;
				CURRENT_PROJECT_VERSION = 1;
				GENERATE_INFOPLIST_FILE = YES;
				IPHONEOS_DEPLOYMENT_TARGET = 18.4;
				MARKETING_VERSION = 1.0;
				PRODUCT_BUNDLE_IDENTIFIER = com.graphware.GraphWareTests;
				PRODUCT_NAME = "$(TARGET_NAME)";
				SWIFT_EMIT_LOC_STRINGS = NO;
				SWIFT_VERSION = 5.0;
				TARGETED_DEVICE_FAMILY = "1,2";
				TEST_HOST = "$(BUILT_PRODUCTS_DIR)/GraphWare.app/$(BUNDLE_EXECUTABLE_FOLDER_PATH)/GraphWare";
			};
			name = Release;
		};
		9B3C24E92DB49C4A008B6B6B /* Debug */ = {
			isa = XCBuildConfiguration;
			buildSettings = {
				CODE_SIGN_STYLE = Automatic;
				CURRENT_PROJECT_VERSION = 1;
				GENERATE_INFOPLIST_FILE = YES;
				MARKETING_VERSION = 1.0;
				PRODUCT_BUNDLE_IDENTIFIER = com.graphware.GraphWareUITests;
				PRODUCT_NAME = "$(TARGET_NAME)";
				SWIFT_EMIT_LOC_STRINGS = NO;
				SWIFT_VERSION = 5.0;
				TARGETED_DEVICE_FAMILY = "1,2";
				TEST_TARGET_NAME = GraphWare;
			};
			name = Debug;
		};
		9B3C24EA2DB49C4A008B6B6B /* Release */ = {
			isa = XCBuildConfiguration;
			buildSettings = {
				CODE_SIGN_STYLE = Automatic;
				CURRENT_PROJECT_VERSION = 1;
				GENERATE_INFOPLIST_FILE = YES;
				MARKETING_VERSION = 1.0;
				PRODUCT_BUNDLE_IDENTIFIER = com.graphware.GraphWareUITests;
				PRODUCT_NAME = "$(TARGET_NAME)";
				SWIFT_EMIT_LOC_STRINGS = NO;
				SWIFT_VERSION = 5.0;
				TARGETED_DEVICE_FAMILY = "1,2";
				TEST_TARGET_NAME = GraphWare;
			};
			name = Release;
		};
/* End XCBuildConfiguration section */

/* Begin XCConfigurationList section */
		9B3C24BC2DB49C49008B6B6B /* Build configuration list for PBXProject "GraphWare" */ = {
			isa = XCConfigurationList;
			buildConfigurations = (
				9B3C24E02DB49C4A008B6B6B /* Debug */,
				9B3C24E12DB49C4A008B6B6B /* Release */,
			);
			defaultConfigurationIsVisible = 0;
			defaultConfigurationName = Release;
		};
		9B3C24E22DB49C4A008B6B6B /* Build configuration list for PBXNativeTarget "GraphWare" */ = {
			isa = XCConfigurationList;
			buildConfigurations = (
				9B3C24E32DB49C4A008B6B6B /* Debug */,
				9B3C24E42DB49C4A008B6B6B /* Release */,
			);
			defaultConfigurationIsVisible = 0;
			defaultConfigurationName = Release;
		};
		9B3C24E52DB49C4A008B6B6B /* Build configuration list for PBXNativeTarget "GraphWareTests" */ = {
			isa = XCConfigurationList;
			buildConfigurations = (
				9B3C24E62DB49C4A008B6B6B /* Debug */,
				9B3C24E72DB49C4A008B6B6B /* Release */,
			);
			defaultConfigurationIsVisible = 0;
			defaultConfigurationName = Release;
		};
		9B3C24E82DB49C4A008B6B6B /* Build configuration list for PBXNativeTarget "GraphWareUITests" */ = {
			isa = XCConfigurationList;
			buildConfigurations = (
				9B3C24E92DB49C4A008B6B6B /* Debug */,
				9B3C24EA2DB49C4A008B6B6B /* Release */,
			);
			defaultConfigurationIsVisible = 0;
			defaultConfigurationName = Release;
		};
/* End XCConfigurationList section */
	};
	rootObject = 9B3C24B92DB49C49008B6B6B /* Project object */;
}
